// !$*UTF8*$!
{
	archiveVersion = 1;
	classes = {
	};
	objectVersion = 46;
	objects = {

/* Begin PBXBuildFile section */
		5B07F5DC1A28CD63000B57F4 /* main.m in Sources */ = {isa = PBXBuildFile; fileRef = 5B07F5DB1A28CD63000B57F4 /* main.m */; };
		5B07F5DF1A28CD63000B57F4 /* UNBApplicazione.m in Sources */ = {isa = PBXBuildFile; fileRef = 5B07F5DE1A28CD63000B57F4 /* UNBApplicazione.m */; };
		5B07F5E21A28CD63000B57F4 /* UNBControlloIniziale.m in Sources */ = {isa = PBXBuildFile; fileRef = 5B07F5E11A28CD63000B57F4 /* UNBControlloIniziale.m */; };
		5B07F5E51A28CD63000B57F4 /* Main.storyboard in Resources */ = {isa = PBXBuildFile; fileRef = 5B07F5E31A28CD63000B57F4 /* Main.storyboard */; };
		5B07F5E71A28CD63000B57F4 /* Images.xcassets in Resources */ = {isa = PBXBuildFile; fileRef = 5B07F5E61A28CD63000B57F4 /* Images.xcassets */; };
		5B07F5EA1A28CD63000B57F4 /* LaunchScreen.xib in Resources */ = {isa = PBXBuildFile; fileRef = 5B07F5E81A28CD63000B57F4 /* LaunchScreen.xib */; };
		5B07F5F61A28CD63000B57F4 /* UNBTestPartita.m in Sources */ = {isa = PBXBuildFile; fileRef = 5B07F5F51A28CD63000B57F4 /* UNBTestPartita.m */; };
		5B33BC041A2F182B00F1EBC7 /* UNBPartita.m in Sources */ = {isa = PBXBuildFile; fileRef = 5B33BBFE1A2F182B00F1EBC7 /* UNBPartita.m */; };
		5B33BC051A2F182B00F1EBC7 /* UNBRecord.m in Sources */ = {isa = PBXBuildFile; fileRef = 5B33BBFF1A2F182B00F1EBC7 /* UNBRecord.m */; };
		5B6D3AAB1A33138500ACB9B7 /* UNBControlloPartita.m in Sources */ = {isa = PBXBuildFile; fileRef = 5B6D3AAA1A33138500ACB9B7 /* UNBControlloPartita.m */; };
		5B6D3AAE1A33229200ACB9B7 /* UNBUtilita.m in Sources */ = {isa = PBXBuildFile; fileRef = 5B6D3AAD1A33229200ACB9B7 /* UNBUtilita.m */; };
		5B6D3AB11A3326C700ACB9B7 /* UNBModello.m in Sources */ = {isa = PBXBuildFile; fileRef = 5B6D3AB01A3326C700ACB9B7 /* UNBModello.m */; };
		5B6D3AB51A33942900ACB9B7 /* UNBVistaPartita.m in Sources */ = {isa = PBXBuildFile; fileRef = 5B6D3AB41A33942900ACB9B7 /* UNBVistaPartita.m */; };
		5B6D3AB81A34570E00ACB9B7 /* UNBVistaIniziale.m in Sources */ = {isa = PBXBuildFile; fileRef = 5B6D3AB71A34570E00ACB9B7 /* UNBVistaIniziale.m */; };
		5BB870531A3463810071E68B /* UNBDAORecord.m in Sources */ = {isa = PBXBuildFile; fileRef = 5BB870521A3463810071E68B /* UNBDAORecord.m */; };
		5BB870551A346DFC0071E68B /* Localizable.strings in Resources */ = {isa = PBXBuildFile; fileRef = 5BB870541A346DFC0071E68B /* Localizable.strings */; };
/* End PBXBuildFile section */

/* Begin PBXContainerItemProxy section */
		5B07F5F01A28CD63000B57F4 /* PBXContainerItemProxy */ = {
			isa = PBXContainerItemProxy;
			containerPortal = 5B07F5CE1A28CD62000B57F4 /* Project object */;
			proxyType = 1;
			remoteGlobalIDString = 5B07F5D51A28CD62000B57F4;
			remoteInfo = indovinaios;
		};
/* End PBXContainerItemProxy section */

/* Begin PBXFileReference section */
		5B07F5D61A28CD63000B57F4 /* indovinaios.app */ = {isa = PBXFileReference; explicitFileType = wrapper.application; includeInIndex = 0; path = indovinaios.app; sourceTree = BUILT_PRODUCTS_DIR; };
		5B07F5DA1A28CD63000B57F4 /* Info.plist */ = {isa = PBXFileReference; lastKnownFileType = text.plist.xml; path = Info.plist; sourceTree = "<group>"; };
		5B07F5DB1A28CD63000B57F4 /* main.m */ = {isa = PBXFileReference; lastKnownFileType = sourcecode.c.objc; path = main.m; sourceTree = "<group>"; };
		5B07F5DD1A28CD63000B57F4 /* UNBApplicazione.h */ = {isa = PBXFileReference; lastKnownFileType = sourcecode.c.h; path = UNBApplicazione.h; sourceTree = "<group>"; };
		5B07F5DE1A28CD63000B57F4 /* UNBApplicazione.m */ = {isa = PBXFileReference; lastKnownFileType = sourcecode.c.objc; path = UNBApplicazione.m; sourceTree = "<group>"; };
		5B07F5E01A28CD63000B57F4 /* UNBControlloIniziale.h */ = {isa = PBXFileReference; lastKnownFileType = sourcecode.c.h; path = UNBControlloIniziale.h; sourceTree = "<group>"; };
		5B07F5E11A28CD63000B57F4 /* UNBControlloIniziale.m */ = {isa = PBXFileReference; lastKnownFileType = sourcecode.c.objc; path = UNBControlloIniziale.m; sourceTree = "<group>"; };
		5B07F5E41A28CD63000B57F4 /* Base */ = {isa = PBXFileReference; lastKnownFileType = file.storyboard; name = Base; path = Base.lproj/Main.storyboard; sourceTree = "<group>"; };
		5B07F5E61A28CD63000B57F4 /* Images.xcassets */ = {isa = PBXFileReference; lastKnownFileType = folder.assetcatalog; path = Images.xcassets; sourceTree = "<group>"; };
		5B07F5E91A28CD63000B57F4 /* Base */ = {isa = PBXFileReference; lastKnownFileType = file.xib; name = Base; path = Base.lproj/LaunchScreen.xib; sourceTree = "<group>"; };
		5B07F5EF1A28CD63000B57F4 /* indovinaiosTests.xctest */ = {isa = PBXFileReference; explicitFileType = wrapper.cfbundle; includeInIndex = 0; path = indovinaiosTests.xctest; sourceTree = BUILT_PRODUCTS_DIR; };
		5B07F5F41A28CD63000B57F4 /* Info.plist */ = {isa = PBXFileReference; lastKnownFileType = text.plist.xml; path = Info.plist; sourceTree = "<group>"; };
		5B07F5F51A28CD63000B57F4 /* UNBTestPartita.m */ = {isa = PBXFileReference; lastKnownFileType = sourcecode.c.objc; path = UNBTestPartita.m; sourceTree = "<group>"; };
		5B33BBFE1A2F182B00F1EBC7 /* UNBPartita.m */ = {isa = PBXFileReference; fileEncoding = 4; lastKnownFileType = sourcecode.c.objc; name = UNBPartita.m; path = Modello/UNBPartita.m; sourceTree = "<group>"; };
		5B33BBFF1A2F182B00F1EBC7 /* UNBRecord.m */ = {isa = PBXFileReference; fileEncoding = 4; lastKnownFileType = sourcecode.c.objc; name = UNBRecord.m; path = Modello/UNBRecord.m; sourceTree = "<group>"; };
		5B33BC021A2F182B00F1EBC7 /* UNBRecord.h */ = {isa = PBXFileReference; fileEncoding = 4; lastKnownFileType = sourcecode.c.h; name = UNBRecord.h; path = Modello/UNBRecord.h; sourceTree = "<group>"; };
		5B33BC031A2F182B00F1EBC7 /* UNBPartita.h */ = {isa = PBXFileReference; fileEncoding = 4; lastKnownFileType = sourcecode.c.h; name = UNBPartita.h; path = Modello/UNBPartita.h; sourceTree = "<group>"; };
		5B6D3AA91A33138500ACB9B7 /* UNBControlloPartita.h */ = {isa = PBXFileReference; fileEncoding = 4; lastKnownFileType = sourcecode.c.h; name = UNBControlloPartita.h; path = Controllo/UNBControlloPartita.h; sourceTree = "<group>"; };
		5B6D3AAA1A33138500ACB9B7 /* UNBControlloPartita.m */ = {isa = PBXFileReference; fileEncoding = 4; lastKnownFileType = sourcecode.c.objc; name = UNBControlloPartita.m; path = Controllo/UNBControlloPartita.m; sourceTree = "<group>"; };
		5B6D3AAC1A33229200ACB9B7 /* UNBUtilita.h */ = {isa = PBXFileReference; fileEncoding = 4; lastKnownFileType = sourcecode.c.h; name = UNBUtilita.h; path = Controllo/UNBUtilita.h; sourceTree = "<group>"; };
		5B6D3AAD1A33229200ACB9B7 /* UNBUtilita.m */ = {isa = PBXFileReference; fileEncoding = 4; lastKnownFileType = sourcecode.c.objc; name = UNBUtilita.m; path = Controllo/UNBUtilita.m; sourceTree = "<group>"; };
		5B6D3AAF1A3326C700ACB9B7 /* UNBModello.h */ = {isa = PBXFileReference; fileEncoding = 4; lastKnownFileType = sourcecode.c.h; name = UNBModello.h; path = Modello/UNBModello.h; sourceTree = "<group>"; };
		5B6D3AB01A3326C700ACB9B7 /* UNBModello.m */ = {isa = PBXFileReference; fileEncoding = 4; lastKnownFileType = sourcecode.c.objc; name = UNBModello.m; path = Modello/UNBModello.m; sourceTree = "<group>"; };
		5B6D3AB21A33400300ACB9B7 /* Costanti.h */ = {isa = PBXFileReference; lastKnownFileType = sourcecode.c.h; path = Costanti.h; sourceTree = "<group>"; };
		5B6D3AB31A33942900ACB9B7 /* UNBVistaPartita.h */ = {isa = PBXFileReference; fileEncoding = 4; lastKnownFileType = sourcecode.c.h; name = UNBVistaPartita.h; path = Vista/UNBVistaPartita.h; sourceTree = "<group>"; };
		5B6D3AB41A33942900ACB9B7 /* UNBVistaPartita.m */ = {isa = PBXFileReference; fileEncoding = 4; lastKnownFileType = sourcecode.c.objc; name = UNBVistaPartita.m; path = Vista/UNBVistaPartita.m; sourceTree = "<group>"; };
		5B6D3AB61A34570E00ACB9B7 /* UNBVistaIniziale.h */ = {isa = PBXFileReference; fileEncoding = 4; lastKnownFileType = sourcecode.c.h; name = UNBVistaIniziale.h; path = Vista/UNBVistaIniziale.h; sourceTree = "<group>"; };
		5B6D3AB71A34570E00ACB9B7 /* UNBVistaIniziale.m */ = {isa = PBXFileReference; fileEncoding = 4; lastKnownFileType = sourcecode.c.objc; name = UNBVistaIniziale.m; path = Vista/UNBVistaIniziale.m; sourceTree = "<group>"; };
		5BB870511A3463810071E68B /* UNBDAORecord.h */ = {isa = PBXFileReference; fileEncoding = 4; lastKnownFileType = sourcecode.c.h; name = UNBDAORecord.h; path = Persistenza/UNBDAORecord.h; sourceTree = "<group>"; };
		5BB870521A3463810071E68B /* UNBDAORecord.m */ = {isa = PBXFileReference; fileEncoding = 4; lastKnownFileType = sourcecode.c.objc; name = UNBDAORecord.m; path = Persistenza/UNBDAORecord.m; sourceTree = "<group>"; };
		5BB870541A346DFC0071E68B /* Localizable.strings */ = {isa = PBXFileReference; fileEncoding = 4; lastKnownFileType = text.plist.strings; name = Localizable.strings; path = Risorse/Localizable.strings; sourceTree = "<group>"; };
/* End PBXFileReference section */

/* Begin PBXFrameworksBuildPhase section */
		5B07F5D31A28CD62000B57F4 /* Frameworks */ = {
			isa = PBXFrameworksBuildPhase;
			buildActionMask = 2147483647;
			files = (
			);
			runOnlyForDeploymentPostprocessing = 0;
		};
		5B07F5EC1A28CD63000B57F4 /* Frameworks */ = {
			isa = PBXFrameworksBuildPhase;
			buildActionMask = 2147483647;
			files = (
			);
			runOnlyForDeploymentPostprocessing = 0;
		};
/* End PBXFrameworksBuildPhase section */

/* Begin PBXGroup section */
		5B07F5CD1A28CD62000B57F4 = {
			isa = PBXGroup;
			children = (
				5B07F5D81A28CD63000B57F4 /* src */,
				5B07F5F21A28CD63000B57F4 /* test */,
				5B07F5D71A28CD63000B57F4 /* Products */,
			);
			sourceTree = "<group>";
		};
		5B07F5D71A28CD63000B57F4 /* Products */ = {
			isa = PBXGroup;
			children = (
				5B07F5D61A28CD63000B57F4 /* indovinaios.app */,
				5B07F5EF1A28CD63000B57F4 /* indovinaiosTests.xctest */,
			);
			name = Products;
			sourceTree = "<group>";
		};
		5B07F5D81A28CD63000B57F4 /* src */ = {
			isa = PBXGroup;
			children = (
				5B07F6021A28D0A3000B57F4 /* persistenza */,
				5B07F6011A28D09C000B57F4 /* controllo */,
				5B07F6001A28D097000B57F4 /* vista */,
				5B07F5FF1A28D087000B57F4 /* modello */,
				5B07F5DD1A28CD63000B57F4 /* UNBApplicazione.h */,
				5B07F5DE1A28CD63000B57F4 /* UNBApplicazione.m */,
				5B6D3AB21A33400300ACB9B7 /* Costanti.h */,
				5B07F5E31A28CD63000B57F4 /* Main.storyboard */,
				5B07F5E61A28CD63000B57F4 /* Images.xcassets */,
				5B07F5E81A28CD63000B57F4 /* LaunchScreen.xib */,
				5B07F5D91A28CD63000B57F4 /* Supporting Files */,
			);
			path = src;
			sourceTree = "<group>";
		};
		5B07F5D91A28CD63000B57F4 /* Supporting Files */ = {
			isa = PBXGroup;
			children = (
				5B07F5DA1A28CD63000B57F4 /* Info.plist */,
				5B07F5DB1A28CD63000B57F4 /* main.m */,
				5BB870541A346DFC0071E68B /* Localizable.strings */,
			);
			name = "Supporting Files";
			sourceTree = "<group>";
		};
		5B07F5F21A28CD63000B57F4 /* test */ = {
			isa = PBXGroup;
			children = (
				5B07F5F51A28CD63000B57F4 /* UNBTestPartita.m */,
				5B07F5F31A28CD63000B57F4 /* Supporting Files */,
			);
			path = test;
			sourceTree = "<group>";
		};
		5B07F5F31A28CD63000B57F4 /* Supporting Files */ = {
			isa = PBXGroup;
			children = (
				5B07F5F41A28CD63000B57F4 /* Info.plist */,
			);
			name = "Supporting Files";
			sourceTree = "<group>";
		};
		5B07F5FF1A28D087000B57F4 /* modello */ = {
			isa = PBXGroup;
			children = (
				5B33BC021A2F182B00F1EBC7 /* UNBRecord.h */,
				5B33BBFF1A2F182B00F1EBC7 /* UNBRecord.m */,
				5B33BC031A2F182B00F1EBC7 /* UNBPartita.h */,
				5B33BBFE1A2F182B00F1EBC7 /* UNBPartita.m */,
				5B6D3AAF1A3326C700ACB9B7 /* UNBModello.h */,
				5B6D3AB01A3326C700ACB9B7 /* UNBModello.m */,
			);
			name = modello;
			sourceTree = "<group>";
		};
		5B07F6001A28D097000B57F4 /* vista */ = {
			isa = PBXGroup;
			children = (
				5B6D3AB61A34570E00ACB9B7 /* UNBVistaIniziale.h */,
				5B6D3AB71A34570E00ACB9B7 /* UNBVistaIniziale.m */,
				5B6D3AB31A33942900ACB9B7 /* UNBVistaPartita.h */,
				5B6D3AB41A33942900ACB9B7 /* UNBVistaPartita.m */,
			);
			name = vista;
			sourceTree = "<group>";
		};
		5B07F6011A28D09C000B57F4 /* controllo */ = {
			isa = PBXGroup;
			children = (
				5B07F5E01A28CD63000B57F4 /* UNBControlloIniziale.h */,
				5B07F5E11A28CD63000B57F4 /* UNBControlloIniziale.m */,
				5B6D3AA91A33138500ACB9B7 /* UNBControlloPartita.h */,
				5B6D3AAA1A33138500ACB9B7 /* UNBControlloPartita.m */,
				5B6D3AAC1A33229200ACB9B7 /* UNBUtilita.h */,
				5B6D3AAD1A33229200ACB9B7 /* UNBUtilita.m */,
			);
			name = controllo;
			sourceTree = "<group>";
		};
		5B07F6021A28D0A3000B57F4 /* persistenza */ = {
			isa = PBXGroup;
			children = (
				5BB870511A3463810071E68B /* UNBDAORecord.h */,
				5BB870521A3463810071E68B /* UNBDAORecord.m */,
			);
			name = persistenza;
			sourceTree = "<group>";
		};
/* End PBXGroup section */

/* Begin PBXNativeTarget section */
		5B07F5D51A28CD62000B57F4 /* indovinaios */ = {
			isa = PBXNativeTarget;
			buildConfigurationList = 5B07F5F91A28CD63000B57F4 /* Build configuration list for PBXNativeTarget "indovinaios" */;
			buildPhases = (
				5B07F5D21A28CD62000B57F4 /* Sources */,
				5B07F5D31A28CD62000B57F4 /* Frameworks */,
				5B07F5D41A28CD62000B57F4 /* Resources */,
			);
			buildRules = (
			);
			dependencies = (
			);
			name = indovinaios;
			productName = indovinaios;
			productReference = 5B07F5D61A28CD63000B57F4 /* indovinaios.app */;
			productType = "com.apple.product-type.application";
		};
		5B07F5EE1A28CD63000B57F4 /* indovinaiosTests */ = {
			isa = PBXNativeTarget;
			buildConfigurationList = 5B07F5FC1A28CD63000B57F4 /* Build configuration list for PBXNativeTarget "indovinaiosTests" */;
			buildPhases = (
				5B07F5EB1A28CD63000B57F4 /* Sources */,
				5B07F5EC1A28CD63000B57F4 /* Frameworks */,
				5B07F5ED1A28CD63000B57F4 /* Resources */,
			);
			buildRules = (
			);
			dependencies = (
				5B07F5F11A28CD63000B57F4 /* PBXTargetDependency */,
			);
			name = indovinaiosTests;
			productName = indovinaiosTests;
			productReference = 5B07F5EF1A28CD63000B57F4 /* indovinaiosTests.xctest */;
			productType = "com.apple.product-type.bundle.unit-test";
		};
/* End PBXNativeTarget section */

/* Begin PBXProject section */
		5B07F5CE1A28CD62000B57F4 /* Project object */ = {
			isa = PBXProject;
			attributes = {
				LastUpgradeCheck = 0610;
				ORGANIZATIONNAME = "Donatello Santoro";
				TargetAttributes = {
					5B07F5D51A28CD62000B57F4 = {
						CreatedOnToolsVersion = 6.1;
						DevelopmentTeam = 862SWJ8UBT;
					};
					5B07F5EE1A28CD63000B57F4 = {
						CreatedOnToolsVersion = 6.1;
						TestTargetID = 5B07F5D51A28CD62000B57F4;
					};
				};
			};
			buildConfigurationList = 5B07F5D11A28CD62000B57F4 /* Build configuration list for PBXProject "indovinaios" */;
			compatibilityVersion = "Xcode 3.2";
			developmentRegion = English;
			hasScannedForEncodings = 0;
			knownRegions = (
				en,
				Base,
			);
			mainGroup = 5B07F5CD1A28CD62000B57F4;
			productRefGroup = 5B07F5D71A28CD63000B57F4 /* Products */;
			projectDirPath = "";
			projectRoot = "";
			targets = (
				5B07F5D51A28CD62000B57F4 /* indovinaios */,
				5B07F5EE1A28CD63000B57F4 /* indovinaiosTests */,
			);
		};
/* End PBXProject section */

/* Begin PBXResourcesBuildPhase section */
		5B07F5D41A28CD62000B57F4 /* Resources */ = {
			isa = PBXResourcesBuildPhase;
			buildActionMask = 2147483647;
			files = (
				5B07F5E51A28CD63000B57F4 /* Main.storyboard in Resources */,
				5B07F5EA1A28CD63000B57F4 /* LaunchScreen.xib in Resources */,
				5BB870551A346DFC0071E68B /* Localizable.strings in Resources */,
				5B07F5E71A28CD63000B57F4 /* Images.xcassets in Resources */,
			);
			runOnlyForDeploymentPostprocessing = 0;
		};
		5B07F5ED1A28CD63000B57F4 /* Resources */ = {
			isa = PBXResourcesBuildPhase;
			buildActionMask = 2147483647;
			files = (
			);
			runOnlyForDeploymentPostprocessing = 0;
		};
/* End PBXResourcesBuildPhase section */

/* Begin PBXSourcesBuildPhase section */
		5B07F5D21A28CD62000B57F4 /* Sources */ = {
			isa = PBXSourcesBuildPhase;
			buildActionMask = 2147483647;
			files = (
				5B6D3AB11A3326C700ACB9B7 /* UNBModello.m in Sources */,
				5BB870531A3463810071E68B /* UNBDAORecord.m in Sources */,
				5B6D3AAE1A33229200ACB9B7 /* UNBUtilita.m in Sources */,
				5B07F5E21A28CD63000B57F4 /* UNBControlloIniziale.m in Sources */,
				5B33BC041A2F182B00F1EBC7 /* UNBPartita.m in Sources */,
				5B33BC051A2F182B00F1EBC7 /* UNBRecord.m in Sources */,
				5B07F5DF1A28CD63000B57F4 /* UNBApplicazione.m in Sources */,
				5B07F5DC1A28CD63000B57F4 /* main.m in Sources */,
				5B6D3AB51A33942900ACB9B7 /* UNBVistaPartita.m in Sources */,
				5B6D3AB81A34570E00ACB9B7 /* UNBVistaIniziale.m in Sources */,
				5B6D3AAB1A33138500ACB9B7 /* UNBControlloPartita.m in Sources */,
			);
			runOnlyForDeploymentPostprocessing = 0;
		};
		5B07F5EB1A28CD63000B57F4 /* Sources */ = {
			isa = PBXSourcesBuildPhase;
			buildActionMask = 2147483647;
			files = (
				5B07F5F61A28CD63000B57F4 /* UNBTestPartita.m in Sources */,
			);
			runOnlyForDeploymentPostprocessing = 0;
		};
/* End PBXSourcesBuildPhase section */

/* Begin PBXTargetDependency section */
		5B07F5F11A28CD63000B57F4 /* PBXTargetDependency */ = {
			isa = PBXTargetDependency;
			target = 5B07F5D51A28CD62000B57F4 /* indovinaios */;
			targetProxy = 5B07F5F01A28CD63000B57F4 /* PBXContainerItemProxy */;
		};
/* End PBXTargetDependency section */

/* Begin PBXVariantGroup section */
		5B07F5E31A28CD63000B57F4 /* Main.storyboard */ = {
			isa = PBXVariantGroup;
			children = (
				5B07F5E41A28CD63000B57F4 /* Base */,
			);
			name = Main.storyboard;
			sourceTree = "<group>";
		};
		5B07F5E81A28CD63000B57F4 /* LaunchScreen.xib */ = {
			isa = PBXVariantGroup;
			children = (
				5B07F5E91A28CD63000B57F4 /* Base */,
			);
			name = LaunchScreen.xib;
			sourceTree = "<group>";
		};
/* End PBXVariantGroup section */

/* Begin XCBuildConfiguration section */
		5B07F5F71A28CD63000B57F4 /* Debug */ = {
			isa = XCBuildConfiguration;
			buildSettings = {
				ALWAYS_SEARCH_USER_PATHS = NO;
				CLANG_CXX_LANGUAGE_STANDARD = "gnu++0x";
				CLANG_CXX_LIBRARY = "libc++";
				CLANG_ENABLE_MODULES = YES;
				CLANG_ENABLE_OBJC_ARC = YES;
				CLANG_WARN_BOOL_CONVERSION = YES;
				CLANG_WARN_CONSTANT_CONVERSION = YES;
				CLANG_WARN_DIRECT_OBJC_ISA_USAGE = YES_ERROR;
				CLANG_WARN_EMPTY_BODY = YES;
				CLANG_WARN_ENUM_CONVERSION = YES;
				CLANG_WARN_INT_CONVERSION = YES;
				CLANG_WARN_OBJC_ROOT_CLASS = YES_ERROR;
				CLANG_WARN_UNREACHABLE_CODE = YES;
				CLANG_WARN__DUPLICATE_METHOD_MATCH = YES;
				"CODE_SIGN_IDENTITY[sdk=iphoneos*]" = "iPhone Developer";
				COPY_PHASE_STRIP = NO;
				ENABLE_STRICT_OBJC_MSGSEND = YES;
				GCC_C_LANGUAGE_STANDARD = gnu99;
				GCC_DYNAMIC_NO_PIC = NO;
				GCC_OPTIMIZATION_LEVEL = 0;
				GCC_PREPROCESSOR_DEFINITIONS = (
					"DEBUG=1",
					"$(inherited)",
				);
				GCC_SYMBOLS_PRIVATE_EXTERN = NO;
				GCC_WARN_64_TO_32_BIT_CONVERSION = YES;
				GCC_WARN_ABOUT_RETURN_TYPE = YES_ERROR;
				GCC_WARN_UNDECLARED_SELECTOR = YES;
				GCC_WARN_UNINITIALIZED_AUTOS = YES_AGGRESSIVE;
				GCC_WARN_UNUSED_FUNCTION = YES;
				GCC_WARN_UNUSED_VARIABLE = YES;
				IPHONEOS_DEPLOYMENT_TARGET = 7.0;
				MTL_ENABLE_DEBUG_INFO = YES;
				ONLY_ACTIVE_ARCH = YES;
				SDKROOT = iphoneos;
				TARGETED_DEVICE_FAMILY = "1,2";
			};
			name = Debug;
		};
		5B07F5F81A28CD63000B57F4 /* Release */ = {
			isa = XCBuildConfiguration;
			buildSettings = {
				ALWAYS_SEARCH_USER_PATHS = NO;
				CLANG_CXX_LANGUAGE_STANDARD = "gnu++0x";
				CLANG_CXX_LIBRARY = "libc++";
				CLANG_ENABLE_MODULES = YES;
				CLANG_ENABLE_OBJC_ARC = YES;
				CLANG_WARN_BOOL_CONVERSION = YES;
				CLANG_WARN_CONSTANT_CONVERSION = YES;
				CLANG_WARN_DIRECT_OBJC_ISA_USAGE = YES_ERROR;
				CLANG_WARN_EMPTY_BODY = YES;
				CLANG_WARN_ENUM_CONVERSION = YES;
				CLANG_WARN_INT_CONVERSION = YES;
				CLANG_WARN_OBJC_ROOT_CLASS = YES_ERROR;
				CLANG_WARN_UNREACHABLE_CODE = YES;
				CLANG_WARN__DUPLICATE_METHOD_MATCH = YES;
				"CODE_SIGN_IDENTITY[sdk=iphoneos*]" = "iPhone Developer";
				COPY_PHASE_STRIP = YES;
				ENABLE_NS_ASSERTIONS = NO;
				ENABLE_STRICT_OBJC_MSGSEND = YES;
				GCC_C_LANGUAGE_STANDARD = gnu99;
				GCC_WARN_64_TO_32_BIT_CONVERSION = YES;
				GCC_WARN_ABOUT_RETURN_TYPE = YES_ERROR;
				GCC_WARN_UNDECLARED_SELECTOR = YES;
				GCC_WARN_UNINITIALIZED_AUTOS = YES_AGGRESSIVE;
				GCC_WARN_UNUSED_FUNCTION = YES;
				GCC_WARN_UNUSED_VARIABLE = YES;
				IPHONEOS_DEPLOYMENT_TARGET = 7.0;
				MTL_ENABLE_DEBUG_INFO = NO;
				SDKROOT = iphoneos;
				TARGETED_DEVICE_FAMILY = "1,2";
				VALIDATE_PRODUCT = YES;
			};
			name = Release;
		};
		5B07F5FA1A28CD63000B57F4 /* Debug */ = {
			isa = XCBuildConfiguration;
			buildSettings = {
				ASSETCATALOG_COMPILER_APPICON_NAME = AppIcon;
				ASSETCATALOG_COMPILER_LAUNCHIMAGE_NAME = LaunchImage;
				CODE_SIGN_IDENTITY = "iPhone Developer";
				INFOPLIST_FILE = "$(SRCROOT)/src/Info.plist";
				LD_RUNPATH_SEARCH_PATHS = "$(inherited) @executable_path/Frameworks";
				PRODUCT_NAME = indovinaios;
			};
			name = Debug;
		};
		5B07F5FB1A28CD63000B57F4 /* Release */ = {
			isa = XCBuildConfiguration;
			buildSettings = {
				ASSETCATALOG_COMPILER_APPICON_NAME = AppIcon;
				ASSETCATALOG_COMPILER_LAUNCHIMAGE_NAME = LaunchImage;
				CODE_SIGN_IDENTITY = "iPhone Developer";
				INFOPLIST_FILE = "$(SRCROOT)/src/Info.plist";
				LD_RUNPATH_SEARCH_PATHS = "$(inherited) @executable_path/Frameworks";
				PRODUCT_NAME = indovinaios;
			};
			name = Release;
		};
		5B07F5FD1A28CD63000B57F4 /* Debug */ = {
			isa = XCBuildConfiguration;
			buildSettings = {
				BUNDLE_LOADER = "$(TEST_HOST)";
				FRAMEWORK_SEARCH_PATHS = (
					"$(SDKROOT)/Developer/Library/Frameworks",
					"$(inherited)",
				);
				GCC_PREPROCESSOR_DEFINITIONS = (
					"DEBUG=1",
					"$(inherited)",
				);
				INFOPLIST_FILE = test/Info.plist;
				LD_RUNPATH_SEARCH_PATHS = "$(inherited) @executable_path/Frameworks @loader_path/Frameworks";
				PRODUCT_NAME = indovinaiosTests;
				TEST_HOST = "$(BUILT_PRODUCTS_DIR)/indovinaios.app/indovinaios";
			};
			name = Debug;
		};
		5B07F5FE1A28CD63000B57F4 /* Release */ = {
			isa = XCBuildConfiguration;
			buildSettings = {
				BUNDLE_LOADER = "$(TEST_HOST)";
				FRAMEWORK_SEARCH_PATHS = (
					"$(SDKROOT)/Developer/Library/Frameworks",
					"$(inherited)",
				);
				INFOPLIST_FILE = test/Info.plist;
				LD_RUNPATH_SEARCH_PATHS = "$(inherited) @executable_path/Frameworks @loader_path/Frameworks";
				PRODUCT_NAME = indovinaiosTests;
				TEST_HOST = "$(BUILT_PRODUCTS_DIR)/indovinaios.app/indovinaios";
			};
			name = Release;
		};
/* End XCBuildConfiguration section */

/* Begin XCConfigurationList section */
		5B07F5D11A28CD62000B57F4 /* Build configuration list for PBXProject "indovinaios" */ = {
			isa = XCConfigurationList;
			buildConfigurations = (
				5B07F5F71A28CD63000B57F4 /* Debug */,
				5B07F5F81A28CD63000B57F4 /* Release */,
			);
			defaultConfigurationIsVisible = 0;
			defaultConfigurationName = Release;
		};
		5B07F5F91A28CD63000B57F4 /* Build configuration list for PBXNativeTarget "indovinaios" */ = {
			isa = XCConfigurationList;
			buildConfigurations = (
				5B07F5FA1A28CD63000B57F4 /* Debug */,
				5B07F5FB1A28CD63000B57F4 /* Release */,
			);
			defaultConfigurationIsVisible = 0;
			defaultConfigurationName = Release;
		};
		5B07F5FC1A28CD63000B57F4 /* Build configuration list for PBXNativeTarget "indovinaiosTests" */ = {
			isa = XCConfigurationList;
			buildConfigurations = (
				5B07F5FD1A28CD63000B57F4 /* Debug */,
				5B07F5FE1A28CD63000B57F4 /* Release */,
			);
			defaultConfigurationIsVisible = 0;
			defaultConfigurationName = Release;
		};
/* End XCConfigurationList section */
	};
	rootObject = 5B07F5CE1A28CD62000B57F4 /* Project object */;
}
